
Microsoft Visual Studio Solution File, Format Version 12.00
# Visual Studio Version 16
VisualStudioVersion = 16.0.31702.278
MinimumVisualStudioVersion = 10.0.40219.1
Project("{9A19103F-16F7-4668-BE54-9A1E7A4F7556}") = "Streamish", "Streamish\Streamish.csproj", "{5C972583-93C2-4D4C-8C3C-8CFDC25AEAD1}"
EndProject
Global
	GlobalSection(SolutionConfigurationPlatforms) = preSolution
		Debug|Any CPU = Debug|Any CPU
		Release|Any CPU = Release|Any CPU
	EndGlobalSection
	GlobalSection(ProjectConfigurationPlatforms) = postSolution
		{5C972583-93C2-4D4C-8C3C-8CFDC25AEAD1}.Debug|Any CPU.ActiveCfg = Debug|Any CPU
		{5C972583-93C2-4D4C-8C3C-8CFDC25AEAD1}.Debug|Any CPU.Build.0 = Debug|Any CPU
		{5C972583-93C2-4D4C-8C3C-8CFDC25AEAD1}.Release|Any CPU.ActiveCfg = Release|Any CPU
		{5C972583-93C2-4D4C-8C3C-8CFDC25AEAD1}.Release|Any CPU.Build.0 = Release|Any CPU
	EndGlobalSection
	GlobalSection(SolutionProperties) = preSolution
		HideSolutionNode = FALSE
	EndGlobalSection
	GlobalSection(ExtensibilityGlobals) = postSolution
		SolutionGuid = {040FA8A8-DB40-40FC-A736-FBF2F031A1F7}
	EndGlobalSection
EndGlobal
